
Microsoft Visual Studio Solution File, Format Version 12.00
# Visual Studio Version 16
VisualStudioVersion = 16.0.29418.71
MinimumVisualStudioVersion = 10.0.40219.1
Project("{FAE04EC0-301F-11D3-BF4B-00C04F79EFBC}") = "Nmaereport2", "Nmaereport2.csproj", "{F5BF49B2-4C59-49F0-A1EB-B3CC5D021B3D}"
EndProject
Global
	GlobalSection(SolutionConfigurationPlatforms) = preSolution
		Debug|Any CPU = Debug|Any CPU
		Release|Any CPU = Release|Any CPU
	EndGlobalSection
	GlobalSection(ProjectConfigurationPlatforms) = postSolution
		{F5BF49B2-4C59-49F0-A1EB-B3CC5D021B3D}.Debug|Any CPU.ActiveCfg = Debug|Any CPU
		{F5BF49B2-4C59-49F0-A1EB-B3CC5D021B3D}.Debug|Any CPU.Build.0 = Debug|Any CPU
		{F5BF49B2-4C59-49F0-A1EB-B3CC5D021B3D}.Release|Any CPU.ActiveCfg = Release|Any CPU
		{F5BF49B2-4C59-49F0-A1EB-B3CC5D021B3D}.Release|Any CPU.Build.0 = Release|Any CPU
	EndGlobalSection
	GlobalSection(SolutionProperties) = preSolution
		HideSolutionNode = FALSE
	EndGlobalSection
	GlobalSection(ExtensibilityGlobals) = postSolution
		SolutionGuid = {65A1DE44-9404-4BDF-B7C9-AC3DDCF7058E}
	EndGlobalSection
EndGlobal
